
Microsoft Visual Studio Solution File, Format Version 12.00
# Visual Studio Version 17
VisualStudioVersion = 17.5.33502.453
MinimumVisualStudioVersion = 10.0.40219.1
Project("{8BC9CEB8-8B4A-11D0-8D11-00A0C91BC942}") = "Automatic_interview_form_maker", "Automatic_interview_form_maker\Automatic_interview_form_maker.vcxproj", "{F14C7894-A14F-4B9F-BD74-DC593480C447}"
EndProject
Global
	GlobalSection(SolutionConfigurationPlatforms) = preSolution
		Debug|x64 = Debug|x64
		Debug|x86 = Debug|x86
		Release|x64 = Release|x64
		Release|x86 = Release|x86
	EndGlobalSection
	GlobalSection(ProjectConfigurationPlatforms) = postSolution
		{F14C7894-A14F-4B9F-BD74-DC593480C447}.Debug|x64.ActiveCfg = Debug|x64
		{F14C7894-A14F-4B9F-BD74-DC593480C447}.Debug|x64.Build.0 = Debug|x64
		{F14C7894-A14F-4B9F-BD74-DC593480C447}.Debug|x86.ActiveCfg = Debug|Win32
		{F14C7894-A14F-4B9F-BD74-DC593480C447}.Debug|x86.Build.0 = Debug|Win32
		{F14C7894-A14F-4B9F-BD74-DC593480C447}.Release|x64.ActiveCfg = Release|x64
		{F14C7894-A14F-4B9F-BD74-DC593480C447}.Release|x64.Build.0 = Release|x64
		{F14C7894-A14F-4B9F-BD74-DC593480C447}.Release|x86.ActiveCfg = Release|Win32
		{F14C7894-A14F-4B9F-BD74-DC593480C447}.Release|x86.Build.0 = Release|Win32
	EndGlobalSection
	GlobalSection(SolutionProperties) = preSolution
		HideSolutionNode = FALSE
	EndGlobalSection
	GlobalSection(ExtensibilityGlobals) = postSolution
		SolutionGuid = {DA2E1BB7-6AD8-480F-984B-117C42962500}
	EndGlobalSection
EndGlobal
